
Microsoft Visual Studio Solution File, Format Version 12.00
# Visual Studio Version 17
VisualStudioVersion = 17.9.34728.123
MinimumVisualStudioVersion = 10.0.40219.1
Project("{8BC9CEB8-8B4A-11D0-8D11-00A0C91BC942}") = "OffWinLib", "OffWinLib\OffWinLib.vcxproj", "{9A18647A-659F-4E3F-8884-361B0A449293}"
EndProject
Project("{8BC9CEB8-8B4A-11D0-8D11-00A0C91BC942}") = "Symlink", "Symlink\Symlink.vcxproj", "{1C997E35-C327-4980-8B73-FAF98ECEE8B7}"
EndProject
Project("{8BC9CEB8-8B4A-11D0-8D11-00A0C91BC942}") = "Oplock", "Oplock\Oplock.vcxproj", "{B0DF7ED5-670A-42BA-9C7A-1BA8BC811B8A}"
EndProject
Project("{8BC9CEB8-8B4A-11D0-8D11-00A0C91BC942}") = "Reglink", "Reglink\Reglink.vcxproj", "{1A4C5716-B380-47D8-B662-F633F713F103}"
EndProject
Project("{8BC9CEB8-8B4A-11D0-8D11-00A0C91BC942}") = "DLLInjector", "DLLInjector\DLLInjector.vcxproj", "{D7523F46-AEF7-490C-8112-E7C79D5CBC52}"
EndProject
Project("{8BC9CEB8-8B4A-11D0-8D11-00A0C91BC942}") = "FolderContentsDeleteToArbitraryDelete", "FolderContentsDeleteToArbitraryDelete\FolderContentsDeleteToArbitraryDelete.vcxproj", "{41191BFD-8443-486F-8D0A-CD9B5E1D625A}"
EndProject
Project("{B7DD6F7E-DEF8-4E67-B5B7-07EF123DB6F0}") = "ErrorMSI", "ErrorMSI\ErrorMSI.wixproj", "{7A59BD8D-5258-4BE3-A5ED-50992E57DB25}"
EndProject
Project("{8BC9CEB8-8B4A-11D0-8D11-00A0C91BC942}") = "FolderDeleteToCodeExec", "FolderDeleteToCodeExec\FolderDeleteToCodeExec.vcxproj", "{4D13433D-9F08-4B27-A554-234A4E688A4D}"
	ProjectSection(ProjectDependencies) = postProject
		{7A59BD8D-5258-4BE3-A5ED-50992E57DB25} = {7A59BD8D-5258-4BE3-A5ED-50992E57DB25}
	EndProjectSection
EndProject
Global
	GlobalSection(SolutionConfigurationPlatforms) = preSolution
		Debug|ARM64 = Debug|ARM64
		Debug|x64 = Debug|x64
		Debug|x86 = Debug|x86
		Release|ARM64 = Release|ARM64
		Release|x64 = Release|x64
		Release|x86 = Release|x86
	EndGlobalSection
	GlobalSection(ProjectConfigurationPlatforms) = postSolution
		{9A18647A-659F-4E3F-8884-361B0A449293}.Debug|ARM64.ActiveCfg = Debug|x64
		{9A18647A-659F-4E3F-8884-361B0A449293}.Debug|ARM64.Build.0 = Debug|x64
		{9A18647A-659F-4E3F-8884-361B0A449293}.Debug|x64.ActiveCfg = Debug|x64
		{9A18647A-659F-4E3F-8884-361B0A449293}.Debug|x64.Build.0 = Debug|x64
		{9A18647A-659F-4E3F-8884-361B0A449293}.Debug|x86.ActiveCfg = Debug|Win32
		{9A18647A-659F-4E3F-8884-361B0A449293}.Debug|x86.Build.0 = Debug|Win32
		{9A18647A-659F-4E3F-8884-361B0A449293}.Release|ARM64.ActiveCfg = Release|x64
		{9A18647A-659F-4E3F-8884-361B0A449293}.Release|ARM64.Build.0 = Release|x64
		{9A18647A-659F-4E3F-8884-361B0A449293}.Release|x64.ActiveCfg = Release|x64
		{9A18647A-659F-4E3F-8884-361B0A449293}.Release|x64.Build.0 = Release|x64
		{9A18647A-659F-4E3F-8884-361B0A449293}.Release|x86.ActiveCfg = Release|Win32
		{9A18647A-659F-4E3F-8884-361B0A449293}.Release|x86.Build.0 = Release|Win32
		{1C997E35-C327-4980-8B73-FAF98ECEE8B7}.Debug|ARM64.ActiveCfg = Debug|x64
		{1C997E35-C327-4980-8B73-FAF98ECEE8B7}.Debug|ARM64.Build.0 = Debug|x64
		{1C997E35-C327-4980-8B73-FAF98ECEE8B7}.Debug|x64.ActiveCfg = Debug|x64
		{1C997E35-C327-4980-8B73-FAF98ECEE8B7}.Debug|x64.Build.0 = Debug|x64
		{1C997E35-C327-4980-8B73-FAF98ECEE8B7}.Debug|x86.ActiveCfg = Debug|Win32
		{1C997E35-C327-4980-8B73-FAF98ECEE8B7}.Debug|x86.Build.0 = Debug|Win32
		{1C997E35-C327-4980-8B73-FAF98ECEE8B7}.Release|ARM64.ActiveCfg = Release|x64
		{1C997E35-C327-4980-8B73-FAF98ECEE8B7}.Release|ARM64.Build.0 = Release|x64
		{1C997E35-C327-4980-8B73-FAF98ECEE8B7}.Release|x64.ActiveCfg = Release|x64
		{1C997E35-C327-4980-8B73-FAF98ECEE8B7}.Release|x64.Build.0 = Release|x64
		{1C997E35-C327-4980-8B73-FAF98ECEE8B7}.Release|x86.ActiveCfg = Release|Win32
		{1C997E35-C327-4980-8B73-FAF98ECEE8B7}.Release|x86.Build.0 = Release|Win32
		{B0DF7ED5-670A-42BA-9C7A-1BA8BC811B8A}.Debug|ARM64.ActiveCfg = Debug|x64
		{B0DF7ED5-670A-42BA-9C7A-1BA8BC811B8A}.Debug|ARM64.Build.0 = Debug|x64
		{B0DF7ED5-670A-42BA-9C7A-1BA8BC811B8A}.Debug|x64.ActiveCfg = Debug|x64
		{B0DF7ED5-670A-42BA-9C7A-1BA8BC811B8A}.Debug|x64.Build.0 = Debug|x64
		{B0DF7ED5-670A-42BA-9C7A-1BA8BC811B8A}.Debug|x86.ActiveCfg = Debug|Win32
		{B0DF7ED5-670A-42BA-9C7A-1BA8BC811B8A}.Debug|x86.Build.0 = Debug|Win32
		{B0DF7ED5-670A-42BA-9C7A-1BA8BC811B8A}.Release|ARM64.ActiveCfg = Release|x64
		{B0DF7ED5-670A-42BA-9C7A-1BA8BC811B8A}.Release|ARM64.Build.0 = Release|x64
		{B0DF7ED5-670A-42BA-9C7A-1BA8BC811B8A}.Release|x64.ActiveCfg = Release|x64
		{B0DF7ED5-670A-42BA-9C7A-1BA8BC811B8A}.Release|x64.Build.0 = Release|x64
		{B0DF7ED5-670A-42BA-9C7A-1BA8BC811B8A}.Release|x86.ActiveCfg = Release|Win32
		{B0DF7ED5-670A-42BA-9C7A-1BA8BC811B8A}.Release|x86.Build.0 = Release|Win32
		{1A4C5716-B380-47D8-B662-F633F713F103}.Debug|ARM64.ActiveCfg = Debug|x64
		{1A4C5716-B380-47D8-B662-F633F713F103}.Debug|ARM64.Build.0 = Debug|x64
		{1A4C5716-B380-47D8-B662-F633F713F103}.Debug|x64.ActiveCfg = Debug|x64
		{1A4C5716-B380-47D8-B662-F633F713F103}.Debug|x64.Build.0 = Debug|x64
		{1A4C5716-B380-47D8-B662-F633F713F103}.Debug|x86.ActiveCfg = Debug|Win32
		{1A4C5716-B380-47D8-B662-F633F713F103}.Debug|x86.Build.0 = Debug|Win32
		{1A4C5716-B380-47D8-B662-F633F713F103}.Release|ARM64.ActiveCfg = Release|x64
		{1A4C5716-B380-47D8-B662-F633F713F103}.Release|ARM64.Build.0 = Release|x64
		{1A4C5716-B380-47D8-B662-F633F713F103}.Release|x64.ActiveCfg = Release|x64
		{1A4C5716-B380-47D8-B662-F633F713F103}.Release|x64.Build.0 = Release|x64
		{1A4C5716-B380-47D8-B662-F633F713F103}.Release|x86.ActiveCfg = Release|Win32
		{1A4C5716-B380-47D8-B662-F633F713F103}.Release|x86.Build.0 = Release|Win32
		{D7523F46-AEF7-490C-8112-E7C79D5CBC52}.Debug|ARM64.ActiveCfg = Debug|x64
		{D7523F46-AEF7-490C-8112-E7C79D5CBC52}.Debug|ARM64.Build.0 = Debug|x64
		{D7523F46-AEF7-490C-8112-E7C79D5CBC52}.Debug|x64.ActiveCfg = Debug|x64
		{D7523F46-AEF7-490C-8112-E7C79D5CBC52}.Debug|x64.Build.0 = Debug|x64
		{D7523F46-AEF7-490C-8112-E7C79D5CBC52}.Debug|x86.ActiveCfg = Debug|Win32
		{D7523F46-AEF7-490C-8112-E7C79D5CBC52}.Debug|x86.Build.0 = Debug|Win32
		{D7523F46-AEF7-490C-8112-E7C79D5CBC52}.Release|ARM64.ActiveCfg = Release|x64
		{D7523F46-AEF7-490C-8112-E7C79D5CBC52}.Release|ARM64.Build.0 = Release|x64
		{D7523F46-AEF7-490C-8112-E7C79D5CBC52}.Release|x64.ActiveCfg = Release|x64
		{D7523F46-AEF7-490C-8112-E7C79D5CBC52}.Release|x64.Build.0 = Release|x64
		{D7523F46-AEF7-490C-8112-E7C79D5CBC52}.Release|x86.ActiveCfg = Release|Win32
		{D7523F46-AEF7-490C-8112-E7C79D5CBC52}.Release|x86.Build.0 = Release|Win32
		{41191BFD-8443-486F-8D0A-CD9B5E1D625A}.Debug|ARM64.ActiveCfg = Debug|x64
		{41191BFD-8443-486F-8D0A-CD9B5E1D625A}.Debug|ARM64.Build.0 = Debug|x64
		{41191BFD-8443-486F-8D0A-CD9B5E1D625A}.Debug|x64.ActiveCfg = Debug|x64
		{41191BFD-8443-486F-8D0A-CD9B5E1D625A}.Debug|x64.Build.0 = Debug|x64
		{41191BFD-8443-486F-8D0A-CD9B5E1D625A}.Debug|x86.ActiveCfg = Debug|Win32
		{41191BFD-8443-486F-8D0A-CD9B5E1D625A}.Debug|x86.Build.0 = Debug|Win32
		{41191BFD-8443-486F-8D0A-CD9B5E1D625A}.Release|ARM64.ActiveCfg = Release|x64
		{41191BFD-8443-486F-8D0A-CD9B5E1D625A}.Release|ARM64.Build.0 = Release|x64
		{41191BFD-8443-486F-8D0A-CD9B5E1D625A}.Release|x64.ActiveCfg = Release|x64
		{41191BFD-8443-486F-8D0A-CD9B5E1D625A}.Release|x64.Build.0 = Release|x64
		{41191BFD-8443-486F-8D0A-CD9B5E1D625A}.Release|x86.ActiveCfg = Release|Win32
		{41191BFD-8443-486F-8D0A-CD9B5E1D625A}.Release|x86.Build.0 = Release|Win32
		{7A59BD8D-5258-4BE3-A5ED-50992E57DB25}.Debug|ARM64.ActiveCfg = Debug|ARM64
		{7A59BD8D-5258-4BE3-A5ED-50992E57DB25}.Debug|ARM64.Build.0 = Debug|ARM64
		{7A59BD8D-5258-4BE3-A5ED-50992E57DB25}.Debug|x64.ActiveCfg = Debug|x64
		{7A59BD8D-5258-4BE3-A5ED-50992E57DB25}.Debug|x64.Build.0 = Debug|x64
		{7A59BD8D-5258-4BE3-A5ED-50992E57DB25}.Debug|x86.ActiveCfg = Debug|x86
		{7A59BD8D-5258-4BE3-A5ED-50992E57DB25}.Debug|x86.Build.0 = Debug|x86
		{7A59BD8D-5258-4BE3-A5ED-50992E57DB25}.Release|ARM64.ActiveCfg = Release|ARM64
		{7A59BD8D-5258-4BE3-A5ED-50992E57DB25}.Release|ARM64.Build.0 = Release|ARM64
		{7A59BD8D-5258-4BE3-A5ED-50992E57DB25}.Release|x64.ActiveCfg = Release|x64
		{7A59BD8D-5258-4BE3-A5ED-50992E57DB25}.Release|x64.Build.0 = Release|x64
		{7A59BD8D-5258-4BE3-A5ED-50992E57DB25}.Release|x86.ActiveCfg = Release|x86
		{7A59BD8D-5258-4BE3-A5ED-50992E57DB25}.Release|x86.Build.0 = Release|x86
		{4D13433D-9F08-4B27-A554-234A4E688A4D}.Debug|ARM64.ActiveCfg = Debug|x64
		{4D13433D-9F08-4B27-A554-234A4E688A4D}.Debug|ARM64.Build.0 = Debug|x64
		{4D13433D-9F08-4B27-A554-234A4E688A4D}.Debug|x64.ActiveCfg = Debug|x64
		{4D13433D-9F08-4B27-A554-234A4E688A4D}.Debug|x64.Build.0 = Debug|x64
		{4D13433D-9F08-4B27-A554-234A4E688A4D}.Debug|x86.ActiveCfg = Debug|Win32
		{4D13433D-9F08-4B27-A554-234A4E688A4D}.Debug|x86.Build.0 = Debug|Win32
		{4D13433D-9F08-4B27-A554-234A4E688A4D}.Release|ARM64.ActiveCfg = Release|x64
		{4D13433D-9F08-4B27-A554-234A4E688A4D}.Release|ARM64.Build.0 = Release|x64
		{4D13433D-9F08-4B27-A554-234A4E688A4D}.Release|x64.ActiveCfg = Release|x64
		{4D13433D-9F08-4B27-A554-234A4E688A4D}.Release|x64.Build.0 = Release|x64
		{4D13433D-9F08-4B27-A554-234A4E688A4D}.Release|x86.ActiveCfg = Release|Win32
		{4D13433D-9F08-4B27-A554-234A4E688A4D}.Release|x86.Build.0 = Release|Win32
	EndGlobalSection
	GlobalSection(SolutionProperties) = preSolution
		HideSolutionNode = FALSE
	EndGlobalSection
	GlobalSection(ExtensibilityGlobals) = postSolution
		SolutionGuid = {30CC0519-316E-42BA-8BAF-E17BCB5BBC29}
	EndGlobalSection
EndGlobal
